
Microsoft Visual Studio Solution File, Format Version 12.00
# Visual Studio Version 17
VisualStudioVersion = 17.6.33829.357
MinimumVisualStudioVersion = 10.0.40219.1
Project("{FAE04EC0-301F-11D3-BF4B-00C04F79EFBC}") = "RioLang", "RioLang\RioLang.csproj", "{EA65D578-C032-4208-B680-0D83EF6525E1}"
EndProject
Global
	GlobalSection(SolutionConfigurationPlatforms) = preSolution
		Debug|Any CPU = Debug|Any CPU
		Release|Any CPU = Release|Any CPU
	EndGlobalSection
	GlobalSection(ProjectConfigurationPlatforms) = postSolution
		{EA65D578-C032-4208-B680-0D83EF6525E1}.Debug|Any CPU.ActiveCfg = Debug|Any CPU
		{EA65D578-C032-4208-B680-0D83EF6525E1}.Debug|Any CPU.Build.0 = Debug|Any CPU
		{EA65D578-C032-4208-B680-0D83EF6525E1}.Release|Any CPU.ActiveCfg = Release|Any CPU
		{EA65D578-C032-4208-B680-0D83EF6525E1}.Release|Any CPU.Build.0 = Release|Any CPU
	EndGlobalSection
	GlobalSection(SolutionProperties) = preSolution
		HideSolutionNode = FALSE
	EndGlobalSection
	GlobalSection(ExtensibilityGlobals) = postSolution
		SolutionGuid = {01B4BDB0-2443-4782-9978-9650CD0C8D9A}
	EndGlobalSection
EndGlobal
